{
  "name": "goldendict",
  "lockfileVersion": 3,
  "requires": true,
  "packages": {
    "": {
      "devDependencies": {
        "prettier": "3.0.0"
      }
    },
    "node_modules/prettier": {
      "version": "3.0.0",
      "resolved": "https://registry.npmmirror.com/prettier/-/prettier-3.0.0.tgz",
      "integrity": "sha512-zBf5eHpwHOGPC47h0zrPyNn+eAEIdEzfywMoYn2XPi0P44Zp0tSq64rq0xAREh4auw2cJZHo9QUob+NqCQky4g==",
      "dev": true,
      "bin": {
        "prettier": "bin/prettier.cjs"
      },
      "engines": {
        "node": ">=14"
      }
    }
  }
}
